
Microsoft Visual Studio Solution File, Format Version 12.00
# Visual Studio Version 16
VisualStudioVersion = 16.0.29123.88
MinimumVisualStudioVersion = 10.0.40219.1
Project("{FAE04EC0-301F-11D3-BF4B-00C04F79EFBC}") = "Api REST", "Api REST\Api REST.csproj", "{C25CB286-B8AE-4DCC-BB85-ECAC0BA23897}"
EndProject
Project("{FAE04EC0-301F-11D3-BF4B-00C04F79EFBC}") = "PruebasArbolBinario", "PruebasArbolBinario\PruebasArbolBinario.csproj", "{2C6D4296-D3E2-445F-901A-3D2699E5EA5B}"
EndProject
Global
	GlobalSection(SolutionConfigurationPlatforms) = preSolution
		Debug|Any CPU = Debug|Any CPU
		Release|Any CPU = Release|Any CPU
	EndGlobalSection
	GlobalSection(ProjectConfigurationPlatforms) = postSolution
		{C25CB286-B8AE-4DCC-BB85-ECAC0BA23897}.Debug|Any CPU.ActiveCfg = Debug|Any CPU
		{C25CB286-B8AE-4DCC-BB85-ECAC0BA23897}.Debug|Any CPU.Build.0 = Debug|Any CPU
		{C25CB286-B8AE-4DCC-BB85-ECAC0BA23897}.Release|Any CPU.ActiveCfg = Release|Any CPU
		{C25CB286-B8AE-4DCC-BB85-ECAC0BA23897}.Release|Any CPU.Build.0 = Release|Any CPU
		{2C6D4296-D3E2-445F-901A-3D2699E5EA5B}.Debug|Any CPU.ActiveCfg = Debug|Any CPU
		{2C6D4296-D3E2-445F-901A-3D2699E5EA5B}.Debug|Any CPU.Build.0 = Debug|Any CPU
		{2C6D4296-D3E2-445F-901A-3D2699E5EA5B}.Release|Any CPU.ActiveCfg = Release|Any CPU
		{2C6D4296-D3E2-445F-901A-3D2699E5EA5B}.Release|Any CPU.Build.0 = Release|Any CPU
	EndGlobalSection
	GlobalSection(SolutionProperties) = preSolution
		HideSolutionNode = FALSE
	EndGlobalSection
	GlobalSection(ExtensibilityGlobals) = postSolution
		SolutionGuid = {15CA05C2-6357-4AB6-A4B3-221AE71C00D0}
	EndGlobalSection
EndGlobal
